
Microsoft Visual Studio Solution File, Format Version 12.00
# Visual Studio Version 16
VisualStudioVersion = 16.0.31112.23
MinimumVisualStudioVersion = 10.0.40219.1
Project("{FAE04EC0-301F-11D3-BF4B-00C04F79EFBC}") = "Lesson3App", "Lesson3App.csproj", "{387C5257-2DBF-4A85-A91D-30342BB0D475}"
EndProject
Global
	GlobalSection(SolutionConfigurationPlatforms) = preSolution
		Debug|Any CPU = Debug|Any CPU
		Release|Any CPU = Release|Any CPU
	EndGlobalSection
	GlobalSection(ProjectConfigurationPlatforms) = postSolution
		{387C5257-2DBF-4A85-A91D-30342BB0D475}.Debug|Any CPU.ActiveCfg = Debug|Any CPU
		{387C5257-2DBF-4A85-A91D-30342BB0D475}.Debug|Any CPU.Build.0 = Debug|Any CPU
		{387C5257-2DBF-4A85-A91D-30342BB0D475}.Release|Any CPU.ActiveCfg = Release|Any CPU
		{387C5257-2DBF-4A85-A91D-30342BB0D475}.Release|Any CPU.Build.0 = Release|Any CPU
	EndGlobalSection
	GlobalSection(SolutionProperties) = preSolution
		HideSolutionNode = FALSE
	EndGlobalSection
	GlobalSection(ExtensibilityGlobals) = postSolution
		SolutionGuid = {6BA79F5F-948D-4E72-BB77-58704D8F90EE}
	EndGlobalSection
EndGlobal
